
Microsoft Visual Studio Solution File, Format Version 12.00
# Visual Studio 15
VisualStudioVersion = 15.0.26730.12
MinimumVisualStudioVersion = 10.0.40219.1
Project("{FAE04EC0-301F-11D3-BF4B-00C04F79EFBC}") = "Shipwreck.VB6Models", "Shipwreck.VB6Models\Shipwreck.VB6Models.csproj", "{F7B789BB-8B35-4E72-99C4-0846F266314A}"
EndProject
Global
	GlobalSection(SolutionConfigurationPlatforms) = preSolution
		Debug|Any CPU = Debug|Any CPU
		Release|Any CPU = Release|Any CPU
	EndGlobalSection
	GlobalSection(ProjectConfigurationPlatforms) = postSolution
		{F7B789BB-8B35-4E72-99C4-0846F266314A}.Debug|Any CPU.ActiveCfg = Debug|Any CPU
		{F7B789BB-8B35-4E72-99C4-0846F266314A}.Debug|Any CPU.Build.0 = Debug|Any CPU
		{F7B789BB-8B35-4E72-99C4-0846F266314A}.Release|Any CPU.ActiveCfg = Release|Any CPU
		{F7B789BB-8B35-4E72-99C4-0846F266314A}.Release|Any CPU.Build.0 = Release|Any CPU
	EndGlobalSection
	GlobalSection(SolutionProperties) = preSolution
		HideSolutionNode = FALSE
	EndGlobalSection
	GlobalSection(ExtensibilityGlobals) = postSolution
		SolutionGuid = {0A2FA58F-61CF-4E7F-9396-C9BCC037D48E}
	EndGlobalSection
EndGlobal
